{
  "originHash" : "949516cd82d43c2109fc811e1998b0ddb1f68765766983a2e084b32aea452d40",
  "pins" : [
    {
      "identity" : "mixpanel-swift",
      "kind" : "remoteSourceControl",
      "location" : "https://github.com/mixpanel/mixpanel-swift",
      "state" : {
        "branch" : "master",
        "revision" : "61ce9b40817466fb1334db1d7a582fbaf616ab4c"
      }
    },
    {
      "identity" : "snapkit",
      "kind" : "remoteSourceControl",
      "location" : "https://github.com/SnapKit/SnapKit.git",
      "state" : {
        "revision" : "f222cbdf325885926566172f6f5f06af95473158",
        "version" : "5.6.0"
      }
    }
  ],
  "version" : 3
}
